[[package]]
name = "python-json-logger"
version = "2.0.7"
description = "A python library adding a json log formatter"
category = "main"
optional = false
python-versions = ">=3.6"

[[package]]
name = "shared-py-log"
version = "1.0.0"
description = "Automatically generated by Nx."
category = "main"
optional = false
  python-versions = ">=3.9,<4.0"
develop = true

[package.dependencies]
python-json-logger = "^2.0.7"

[package.source]
type = "directory"
url = "../../../shared/py-log"

[metadata]
lock-version = "1.1"
  python-versions = ">=3.9,<4.0"
content-hash = "ec03ba766192ea2f9e5b2a21bce97a0a6ab29f226d130023fc667c5ca1e59dac"

[metadata.files]
python-json-logger = [
    {file = "python-json-logger-2.0.7.tar.gz", hash = "sha256:23e7ec02d34237c5aa1e29a070193a4ea87583bb4e7f8fd06d3de8264c4b2e1c"},
    {file = "python_json_logger-2.0.7-py3-none-any.whl", hash = "sha256:f380b826a991ebbe3de4d897aeec42760035ac760345e57b812938dc8b35e2bd"},
]
shared-py-log = []
